
Microsoft Visual Studio Solution File, Format Version 12.00
# Visual Studio Version 16
VisualStudioVersion = 16.0.29201.188
MinimumVisualStudioVersion = 10.0.40219.1
Project("{FAE04EC0-301F-11D3-BF4B-00C04F79EFBC}") = "Sandbox", "Sandbox.csproj", "{6003EC12-8532-4747-99E3-CB9FC71A4F85}"
EndProject
Global
	GlobalSection(SolutionConfigurationPlatforms) = preSolution
		Debug|Any CPU = Debug|Any CPU
		Release|Any CPU = Release|Any CPU
	EndGlobalSection
	GlobalSection(ProjectConfigurationPlatforms) = postSolution
		{6003EC12-8532-4747-99E3-CB9FC71A4F85}.Debug|Any CPU.ActiveCfg = Debug|Any CPU
		{6003EC12-8532-4747-99E3-CB9FC71A4F85}.Debug|Any CPU.Build.0 = Debug|Any CPU
		{6003EC12-8532-4747-99E3-CB9FC71A4F85}.Release|Any CPU.ActiveCfg = Release|Any CPU
		{6003EC12-8532-4747-99E3-CB9FC71A4F85}.Release|Any CPU.Build.0 = Release|Any CPU
	EndGlobalSection
	GlobalSection(SolutionProperties) = preSolution
		HideSolutionNode = FALSE
	EndGlobalSection
	GlobalSection(ExtensibilityGlobals) = postSolution
		SolutionGuid = {805D4710-08A9-49B3-9493-AA7EC3531C87}
	EndGlobalSection
EndGlobal
